{
  "name": "repo-to-knowledge-base",
  "version": "1.0.0",
  "lockfileVersion": 3,
  "requires": true,
  "packages": {
    "": {
      "name": "repo-to-knowledge-base",
      "version": "1.0.0",
      "license": "ISC",
      "dependencies": {
        "ignore": "^5.3.0",
        "isbinaryfile": "^5.0.0"
      }
    },
    "node_modules/ignore": {
      "version": "5.3.0",
      "resolved": "https://registry.npmjs.org/ignore/-/ignore-5.3.0.tgz",
      "integrity": "sha512-g7dmpshy+gD7mh88OC9NwSGTKoc3kyLAZQRU1mt53Aw/vnvfXnbC+F/7F7QoYVKbV+KNvJx8wArewKy1vXMtlg==",
      "engines": {
        "node": ">= 4"
      }
    },
    "node_modules/isbinaryfile": {
      "version": "5.0.0",
      "resolved": "https://registry.npmjs.org/isbinaryfile/-/isbinaryfile-5.0.0.tgz",
      "integrity": "sha512-UDdnyGvMajJUWCkib7Cei/dvyJrrvo4FIrsvSFWdPpXSUorzXrDJ0S+X5Q4ZlasfPjca4yqCNNsjbCeiy8FFeg==",
      "engines": {
        "node": ">= 14.0.0"
      },
      "funding": {
        "url": "https://github.com/sponsors/gjtorikian/"
      }
    }
  }
}
