{
  "name": "repo-to-knowledge-base",
  "version": "1.0.0",
  "lockfileVersion": 3,
  "requires": true,
  "packages": {
    "": {
      "name": "repo-to-knowledge-base",
      "version": "1.0.0",
      "license": "ISC",
      "dependencies": {
        "ignore": "^5.3.2",
        "isbinaryfile": "^5.0.0"
      }
    },
    "node_modules/ignore": {
      "version": "5.3.2",
      "resolved": "https://registry.npmjs.org/ignore/-/ignore-5.3.2.tgz",
      "integrity": "sha512-hsBTNUqQTDwkWtcdYI2i06Y/nUBEsNEDJKjWdigLvegy8kDuJAS8uRlpkkcQpyEXL0Z/pjDy5HBmMjRCJ2gq+g==",
      "license": "MIT",
      "engines": {
        "node": ">= 4"
      }
    },
    "node_modules/isbinaryfile": {
      "version": "5.0.0",
      "resolved": "https://registry.npmjs.org/isbinaryfile/-/isbinaryfile-5.0.0.tgz",
      "integrity": "sha512-UDdnyGvMajJUWCkib7Cei/dvyJrrvo4FIrsvSFWdPpXSUorzXrDJ0S+X5Q4ZlasfPjca4yqCNNsjbCeiy8FFeg==",
      "engines": {
        "node": ">= 14.0.0"
      },
      "funding": {
        "url": "https://github.com/sponsors/gjtorikian/"
      }
    }
  }
}
